
Microsoft Visual Studio Solution File, Format Version 12.00
# Visual Studio Version 17
VisualStudioVersion = 17.3.32901.215
MinimumVisualStudioVersion = 10.0.40219.1
Project("{FAE04EC0-301F-11D3-BF4B-00C04F79EFBC}") = "LINQ_query_primjer", "LINQ_query_primjer\LINQ_query_primjer.csproj", "{ADC0D0D8-2048-400B-B040-A5B43EFCD877}"
EndProject
Global
	GlobalSection(SolutionConfigurationPlatforms) = preSolution
		Debug|Any CPU = Debug|Any CPU
		Release|Any CPU = Release|Any CPU
	EndGlobalSection
	GlobalSection(ProjectConfigurationPlatforms) = postSolution
		{ADC0D0D8-2048-400B-B040-A5B43EFCD877}.Debug|Any CPU.ActiveCfg = Debug|Any CPU
		{ADC0D0D8-2048-400B-B040-A5B43EFCD877}.Debug|Any CPU.Build.0 = Debug|Any CPU
		{ADC0D0D8-2048-400B-B040-A5B43EFCD877}.Release|Any CPU.ActiveCfg = Release|Any CPU
		{ADC0D0D8-2048-400B-B040-A5B43EFCD877}.Release|Any CPU.Build.0 = Release|Any CPU
	EndGlobalSection
	GlobalSection(SolutionProperties) = preSolution
		HideSolutionNode = FALSE
	EndGlobalSection
	GlobalSection(ExtensibilityGlobals) = postSolution
		SolutionGuid = {58A9AC2A-3725-4F66-9DDA-D3BD7313E80B}
	EndGlobalSection
EndGlobal
